// !$*UTF8*$!
{
	archiveVersion = 1;
	classes = {
	};
	objectVersion = 46;
	objects = {

/* Begin PBXBuildFile section */
		240AAFCA1CC08DA10061EB54 /* AppDelegate.swift in Sources */ = {isa = PBXBuildFile; fileRef = 240AAFC91CC08DA10061EB54 /* AppDelegate.swift */; };
		240AAFD11CC08DA10061EB54 /* Assets.xcassets in Resources */ = {isa = PBXBuildFile; fileRef = 240AAFD01CC08DA10061EB54 /* Assets.xcassets */; };
		240AAFDF1CC08DA10061EB54 /* OnForteTests.swift in Sources */ = {isa = PBXBuildFile; fileRef = 240AAFDE1CC08DA10061EB54 /* OnForteTests.swift */; };
		240AAFEA1CC08DA20061EB54 /* OnForteUITests.swift in Sources */ = {isa = PBXBuildFile; fileRef = 240AAFE91CC08DA20061EB54 /* OnForteUITests.swift */; };
		240AAFF81CC08F980061EB54 /* Spotify.framework in Frameworks */ = {isa = PBXBuildFile; fileRef = 240AAFF71CC08F980061EB54 /* Spotify.framework */; };
		240AAFFA1CC08FC80061EB54 /* AVFoundation.framework in Frameworks */ = {isa = PBXBuildFile; fileRef = 240AAFF91CC08FC80061EB54 /* AVFoundation.framework */; };
		240AAFFC1CC08FD10061EB54 /* SystemConfiguration.framework in Frameworks */ = {isa = PBXBuildFile; fileRef = 240AAFFB1CC08FD10061EB54 /* SystemConfiguration.framework */; };
		240AB0051CC091E60061EB54 /* Style.swift in Sources */ = {isa = PBXBuildFile; fileRef = 240AB0041CC091E60061EB54 /* Style.swift */; };
		240AB0071CC092360061EB54 /* Song.swift in Sources */ = {isa = PBXBuildFile; fileRef = 240AB0061CC092360061EB54 /* Song.swift */; };
		240AB00A1CC092790061EB54 /* SongCollection.swift in Sources */ = {isa = PBXBuildFile; fileRef = 240AB0091CC092790061EB54 /* SongCollection.swift */; };
		240AB00C1CC0929F0061EB54 /* SongDocument.swift in Sources */ = {isa = PBXBuildFile; fileRef = 240AB00B1CC0929F0061EB54 /* SongDocument.swift */; };
		240AB00E1CC092BA0061EB54 /* MeteorSong.swift in Sources */ = {isa = PBXBuildFile; fileRef = 240AB00D1CC092BA0061EB54 /* MeteorSong.swift */; };
		240AB0101CC092DF0061EB54 /* PlayedSongDocument.swift in Sources */ = {isa = PBXBuildFile; fileRef = 240AB00F1CC092DF0061EB54 /* PlayedSongDocument.swift */; };
		240AB0121CC093040061EB54 /* PlayedSongCollection.swift in Sources */ = {isa = PBXBuildFile; fileRef = 240AB0111CC093040061EB54 /* PlayedSongCollection.swift */; };
		240AB0161CC093700061EB54 /* ArtworkHandler.swift in Sources */ = {isa = PBXBuildFile; fileRef = 240AB0151CC093700061EB54 /* ArtworkHandler.swift */; };
		240AB01F1CC094020061EB54 /* SoundCloudHandler.swift in Sources */ = {isa = PBXBuildFile; fileRef = 240AB01A1CC094020061EB54 /* SoundCloudHandler.swift */; };
		240AB0201CC094020061EB54 /* SpotifyHandler.swift in Sources */ = {isa = PBXBuildFile; fileRef = 240AB01B1CC094020061EB54 /* SpotifyHandler.swift */; };
		240AB0211CC094020061EB54 /* LocalHandler.swift in Sources */ = {isa = PBXBuildFile; fileRef = 240AB01C1CC094020061EB54 /* LocalHandler.swift */; };
		240AB0221CC094020061EB54 /* SearchHandler.swift in Sources */ = {isa = PBXBuildFile; fileRef = 240AB01D1CC094020061EB54 /* SearchHandler.swift */; };
		240AB02E1CC094630061EB54 /* OnboardingViewController.swift in Sources */ = {isa = PBXBuildFile; fileRef = 240AB02C1CC094630061EB54 /* OnboardingViewController.swift */; };
		240AB02F1CC094630061EB54 /* OnboardingInitialViewController.swift in Sources */ = {isa = PBXBuildFile; fileRef = 240AB02D1CC094630061EB54 /* OnboardingInitialViewController.swift */; };
		240AB0371CC094770061EB54 /* Main.storyboard in Resources */ = {isa = PBXBuildFile; fileRef = 240AB0361CC094770061EB54 /* Main.storyboard */; };
		240AB03B1CC094870061EB54 /* Onboarding.storyboard in Resources */ = {isa = PBXBuildFile; fileRef = 240AB03A1CC094870061EB54 /* Onboarding.storyboard */; };
		240AB04F1CC095180061EB54 /* ActivityIndicator.swift in Sources */ = {isa = PBXBuildFile; fileRef = 240AB04E1CC095180061EB54 /* ActivityIndicator.swift */; };
		240AB0641CC0989A0061EB54 /* SongViewCell.swift in Sources */ = {isa = PBXBuildFile; fileRef = 240AB0631CC0989A0061EB54 /* SongViewCell.swift */; };
		2434816C1CE239F900402A4A /* DataModel.xcdatamodeld in Sources */ = {isa = PBXBuildFile; fileRef = 2434816A1CE239F900402A4A /* DataModel.xcdatamodeld */; };
		2434816F1CE23ACC00402A4A /* SuggestedSong+CoreDataProperties.swift in Sources */ = {isa = PBXBuildFile; fileRef = 2434816D1CE23ACC00402A4A /* SuggestedSong+CoreDataProperties.swift */; };
		243481701CE23ACC00402A4A /* SuggestedSong.swift in Sources */ = {isa = PBXBuildFile; fileRef = 2434816E1CE23ACC00402A4A /* SuggestedSong.swift */; };
		243AD1991CF88AE50031A763 /* MusicSearchViewController.swift in Sources */ = {isa = PBXBuildFile; fileRef = 243AD1981CF88AE50031A763 /* MusicSearchViewController.swift */; };
		243AD19E1CF9052C0031A763 /* HistoryViewController.swift in Sources */ = {isa = PBXBuildFile; fileRef = 243AD19D1CF9052C0031A763 /* HistoryViewController.swift */; };
		243AD1A01CF9298B0031A763 /* SettingsView.swift in Sources */ = {isa = PBXBuildFile; fileRef = 243AD19F1CF9298B0031A763 /* SettingsView.swift */; };
		243AD1A21CF929950031A763 /* HostSettingsView.xib in Resources */ = {isa = PBXBuildFile; fileRef = 243AD1A11CF929950031A763 /* HostSettingsView.xib */; };
		243AD1A41CF93E330031A763 /* GuestSettingsView.xib in Resources */ = {isa = PBXBuildFile; fileRef = 243AD1A31CF93E330031A763 /* GuestSettingsView.xib */; };
		243AD1A81CF9F0320031A763 /* PlaylistTabBarController.swift in Sources */ = {isa = PBXBuildFile; fileRef = 243AD1A71CF9F0320031A763 /* PlaylistTabBarController.swift */; };
		245789FE1CC28A5500394C17 /* IntegratedMusicPlayer.swift in Sources */ = {isa = PBXBuildFile; fileRef = 245789FD1CC28A5500394C17 /* IntegratedMusicPlayer.swift */; };
		246232F81CE28406004C63E8 /* FavoritedSong+CoreDataProperties.swift in Sources */ = {isa = PBXBuildFile; fileRef = 246232F61CE28406004C63E8 /* FavoritedSong+CoreDataProperties.swift */; };
		246232F91CE28406004C63E8 /* FavoritedSong.swift in Sources */ = {isa = PBXBuildFile; fileRef = 246232F71CE28406004C63E8 /* FavoritedSong.swift */; };
		246232FB1CE2CCE0004C63E8 /* SongHandler.swift in Sources */ = {isa = PBXBuildFile; fileRef = 246232FA1CE2CCE0004C63E8 /* SongHandler.swift */; };
		24757F351CFCC43300752CB1 /* Playlist.swift in Sources */ = {isa = PBXBuildFile; fileRef = 24757F341CFCC43300752CB1 /* Playlist.swift */; };
		247D27EC1CFB5D0E00A5E8AF /* APIHandler.swift in Sources */ = {isa = PBXBuildFile; fileRef = 247D27EB1CFB5D0E00A5E8AF /* APIHandler.swift */; };
		247D27EE1CFB789800A5E8AF /* APIDataModel.swift in Sources */ = {isa = PBXBuildFile; fileRef = 247D27ED1CFB789800A5E8AF /* APIDataModel.swift */; };
		247D27F91CFC9A3200A5E8AF /* QueuedSong+CoreDataProperties.swift in Sources */ = {isa = PBXBuildFile; fileRef = 247D27F71CFC9A3200A5E8AF /* QueuedSong+CoreDataProperties.swift */; };
		247D27FA1CFC9A3200A5E8AF /* QueuedSong.swift in Sources */ = {isa = PBXBuildFile; fileRef = 247D27F81CFC9A3200A5E8AF /* QueuedSong.swift */; };
		248575AE1CF4BD4B003F683C /* SongViewCell.xib in Resources */ = {isa = PBXBuildFile; fileRef = 248575AD1CF4BD4B003F683C /* SongViewCell.xib */; };
		248575B01CF4C41B003F683C /* SmallMusicPlayerView.xib in Resources */ = {isa = PBXBuildFile; fileRef = 248575AF1CF4C41B003F683C /* SmallMusicPlayerView.xib */; };
		248575BC1CF64AD5003F683C /* PlaylistViewController.swift in Sources */ = {isa = PBXBuildFile; fileRef = 248575BB1CF64AD5003F683C /* PlaylistViewController.swift */; };
		248575BE1CF657AE003F683C /* SmallMusicPlayerView.swift in Sources */ = {isa = PBXBuildFile; fileRef = 248575BD1CF657AE003F683C /* SmallMusicPlayerView.swift */; };
		248653471CF767D700F0F78B /* PlaylistTableViewCell.swift in Sources */ = {isa = PBXBuildFile; fileRef = 248653461CF767D700F0F78B /* PlaylistTableViewCell.swift */; };
		2486534B1CF76C2500F0F78B /* NavigationController.swift in Sources */ = {isa = PBXBuildFile; fileRef = 2486534A1CF76C2500F0F78B /* NavigationController.swift */; };
		2486534F1CF7732100F0F78B /* HomeViewController.swift in Sources */ = {isa = PBXBuildFile; fileRef = 2486534E1CF7732100F0F78B /* HomeViewController.swift */; };
		248653511CF7CD5B00F0F78B /* SettingsViewController.swift in Sources */ = {isa = PBXBuildFile; fileRef = 248653501CF7CD5B00F0F78B /* SettingsViewController.swift */; };
		24959C2E1CC30AC2009F55B6 /* BlurredPlayButton.swift in Sources */ = {isa = PBXBuildFile; fileRef = 24959C2D1CC30AC2009F55B6 /* BlurredPlayButton.swift */; };
		24A931071CD24FE4008A7F29 /* FastForwardButton.swift in Sources */ = {isa = PBXBuildFile; fileRef = 24A931061CD24FE4008A7F29 /* FastForwardButton.swift */; };
		24BCF48E1CE3AC96001054B7 /* PlaylistHandler.swift in Sources */ = {isa = PBXBuildFile; fileRef = 24BCF48D1CE3AC96001054B7 /* PlaylistHandler.swift */; };
		3330D23D6124A74940E85D23 /* Pods_OnForte.framework in Frameworks */ = {isa = PBXBuildFile; fileRef = 7F30BD231CB5DCD1F61B26BA /* Pods_OnForte.framework */; };
		507BAFAE1CD1AC340059F31D /* Keys.plist in Resources */ = {isa = PBXBuildFile; fileRef = 507BAFAD1CD1AC340059F31D /* Keys.plist */; };
/* End PBXBuildFile section */

/* Begin PBXContainerItemProxy section */
		240AAFDB1CC08DA10061EB54 /* PBXContainerItemProxy */ = {
			isa = PBXContainerItemProxy;
			containerPortal = 240AAFBE1CC08DA10061EB54 /* Project object */;
			proxyType = 1;
			remoteGlobalIDString = 240AAFC51CC08DA10061EB54;
			remoteInfo = OnForte;
		};
		240AAFE61CC08DA20061EB54 /* PBXContainerItemProxy */ = {
			isa = PBXContainerItemProxy;
			containerPortal = 240AAFBE1CC08DA10061EB54 /* Project object */;
			proxyType = 1;
			remoteGlobalIDString = 240AAFC51CC08DA10061EB54;
			remoteInfo = OnForte;
		};
/* End PBXContainerItemProxy section */

/* Begin PBXFileReference section */
		240AAFC61CC08DA10061EB54 /* OnForte.app */ = {isa = PBXFileReference; explicitFileType = wrapper.application; includeInIndex = 0; path = OnForte.app; sourceTree = BUILT_PRODUCTS_DIR; };
		240AAFC91CC08DA10061EB54 /* AppDelegate.swift */ = {isa = PBXFileReference; lastKnownFileType = sourcecode.swift; path = AppDelegate.swift; sourceTree = "<group>"; };
		240AAFD01CC08DA10061EB54 /* Assets.xcassets */ = {isa = PBXFileReference; lastKnownFileType = folder.assetcatalog; path = Assets.xcassets; sourceTree = "<group>"; };
		240AAFD51CC08DA10061EB54 /* Info.plist */ = {isa = PBXFileReference; lastKnownFileType = text.plist.xml; path = Info.plist; sourceTree = "<group>"; };
		240AAFDA1CC08DA10061EB54 /* OnForteTests.xctest */ = {isa = PBXFileReference; explicitFileType = wrapper.cfbundle; includeInIndex = 0; path = OnForteTests.xctest; sourceTree = BUILT_PRODUCTS_DIR; };
		240AAFDE1CC08DA10061EB54 /* OnForteTests.swift */ = {isa = PBXFileReference; lastKnownFileType = sourcecode.swift; path = OnForteTests.swift; sourceTree = "<group>"; };
		240AAFE01CC08DA10061EB54 /* Info.plist */ = {isa = PBXFileReference; lastKnownFileType = text.plist.xml; path = Info.plist; sourceTree = "<group>"; };
		240AAFE51CC08DA20061EB54 /* OnForteUITests.xctest */ = {isa = PBXFileReference; explicitFileType = wrapper.cfbundle; includeInIndex = 0; path = OnForteUITests.xctest; sourceTree = BUILT_PRODUCTS_DIR; };
		240AAFE91CC08DA20061EB54 /* OnForteUITests.swift */ = {isa = PBXFileReference; lastKnownFileType = sourcecode.swift; path = OnForteUITests.swift; sourceTree = "<group>"; };
		240AAFEB1CC08DA20061EB54 /* Info.plist */ = {isa = PBXFileReference; lastKnownFileType = text.plist.xml; path = Info.plist; sourceTree = "<group>"; };
		240AAFF71CC08F980061EB54 /* Spotify.framework */ = {isa = PBXFileReference; lastKnownFileType = wrapper.framework; path = Spotify.framework; sourceTree = "<group>"; };
		240AAFF91CC08FC80061EB54 /* AVFoundation.framework */ = {isa = PBXFileReference; lastKnownFileType = wrapper.framework; name = AVFoundation.framework; path = System/Library/Frameworks/AVFoundation.framework; sourceTree = SDKROOT; };
		240AAFFB1CC08FD10061EB54 /* SystemConfiguration.framework */ = {isa = PBXFileReference; lastKnownFileType = wrapper.framework; name = SystemConfiguration.framework; path = System/Library/Frameworks/SystemConfiguration.framework; sourceTree = SDKROOT; };
		240AB0041CC091E60061EB54 /* Style.swift */ = {isa = PBXFileReference; fileEncoding = 4; lastKnownFileType = sourcecode.swift; path = Style.swift; sourceTree = "<group>"; };
		240AB0061CC092360061EB54 /* Song.swift */ = {isa = PBXFileReference; fileEncoding = 4; lastKnownFileType = sourcecode.swift; path = Song.swift; sourceTree = "<group>"; };
		240AB0091CC092790061EB54 /* SongCollection.swift */ = {isa = PBXFileReference; fileEncoding = 4; lastKnownFileType = sourcecode.swift; path = SongCollection.swift; sourceTree = "<group>"; };
		240AB00B1CC0929F0061EB54 /* SongDocument.swift */ = {isa = PBXFileReference; fileEncoding = 4; lastKnownFileType = sourcecode.swift; path = SongDocument.swift; sourceTree = "<group>"; };
		240AB00D1CC092BA0061EB54 /* MeteorSong.swift */ = {isa = PBXFileReference; fileEncoding = 4; lastKnownFileType = sourcecode.swift; path = MeteorSong.swift; sourceTree = "<group>"; };
		240AB00F1CC092DF0061EB54 /* PlayedSongDocument.swift */ = {isa = PBXFileReference; fileEncoding = 4; lastKnownFileType = sourcecode.swift; path = PlayedSongDocument.swift; sourceTree = "<group>"; };
		240AB0111CC093040061EB54 /* PlayedSongCollection.swift */ = {isa = PBXFileReference; fileEncoding = 4; lastKnownFileType = sourcecode.swift; path = PlayedSongCollection.swift; sourceTree = "<group>"; };
		240AB0151CC093700061EB54 /* ArtworkHandler.swift */ = {isa = PBXFileReference; fileEncoding = 4; lastKnownFileType = sourcecode.swift; path = ArtworkHandler.swift; sourceTree = "<group>"; };
		240AB01A1CC094020061EB54 /* SoundCloudHandler.swift */ = {isa = PBXFileReference; fileEncoding = 4; lastKnownFileType = sourcecode.swift; lineEnding = 0; path = SoundCloudHandler.swift; sourceTree = "<group>"; xcLanguageSpecificationIdentifier = xcode.lang.swift; };
		240AB01B1CC094020061EB54 /* SpotifyHandler.swift */ = {isa = PBXFileReference; fileEncoding = 4; lastKnownFileType = sourcecode.swift; lineEnding = 0; path = SpotifyHandler.swift; sourceTree = "<group>"; xcLanguageSpecificationIdentifier = xcode.lang.swift; };
		240AB01C1CC094020061EB54 /* LocalHandler.swift */ = {isa = PBXFileReference; fileEncoding = 4; lastKnownFileType = sourcecode.swift; lineEnding = 0; path = LocalHandler.swift; sourceTree = "<group>"; xcLanguageSpecificationIdentifier = xcode.lang.swift; };
		240AB01D1CC094020061EB54 /* SearchHandler.swift */ = {isa = PBXFileReference; fileEncoding = 4; lastKnownFileType = sourcecode.swift; lineEnding = 0; path = SearchHandler.swift; sourceTree = "<group>"; xcLanguageSpecificationIdentifier = xcode.lang.swift; };
		240AB02C1CC094630061EB54 /* OnboardingViewController.swift */ = {isa = PBXFileReference; fileEncoding = 4; lastKnownFileType = sourcecode.swift; lineEnding = 0; path = OnboardingViewController.swift; sourceTree = "<group>"; xcLanguageSpecificationIdentifier = xcode.lang.swift; };
		240AB02D1CC094630061EB54 /* OnboardingInitialViewController.swift */ = {isa = PBXFileReference; fileEncoding = 4; lastKnownFileType = sourcecode.swift; lineEnding = 0; path = OnboardingInitialViewController.swift; sourceTree = "<group>"; xcLanguageSpecificationIdentifier = xcode.lang.swift; };
		240AB0361CC094770061EB54 /* Main.storyboard */ = {isa = PBXFileReference; fileEncoding = 4; lastKnownFileType = file.storyboard; path = Main.storyboard; sourceTree = "<group>"; };
		240AB03A1CC094870061EB54 /* Onboarding.storyboard */ = {isa = PBXFileReference; fileEncoding = 4; lastKnownFileType = file.storyboard; path = Onboarding.storyboard; sourceTree = "<group>"; };
		240AB03C1CC094900061EB54 /* OnForte-Bridging-Header.h */ = {isa = PBXFileReference; lastKnownFileType = sourcecode.c.h; path = "OnForte-Bridging-Header.h"; sourceTree = "<group>"; };
		240AB04E1CC095180061EB54 /* ActivityIndicator.swift */ = {isa = PBXFileReference; fileEncoding = 4; lastKnownFileType = sourcecode.swift; lineEnding = 0; path = ActivityIndicator.swift; sourceTree = "<group>"; xcLanguageSpecificationIdentifier = xcode.lang.swift; };
		240AB0631CC0989A0061EB54 /* SongViewCell.swift */ = {isa = PBXFileReference; fileEncoding = 4; lastKnownFileType = sourcecode.swift; path = SongViewCell.swift; sourceTree = "<group>"; };
		2434816B1CE239F900402A4A /* DataModel.xcdatamodel */ = {isa = PBXFileReference; lastKnownFileType = wrapper.xcdatamodel; path = DataModel.xcdatamodel; sourceTree = "<group>"; };
		2434816D1CE23ACC00402A4A /* SuggestedSong+CoreDataProperties.swift */ = {isa = PBXFileReference; fileEncoding = 4; lastKnownFileType = sourcecode.swift; path = "SuggestedSong+CoreDataProperties.swift"; sourceTree = "<group>"; };
		2434816E1CE23ACC00402A4A /* SuggestedSong.swift */ = {isa = PBXFileReference; fileEncoding = 4; lastKnownFileType = sourcecode.swift; path = SuggestedSong.swift; sourceTree = "<group>"; };
		243AD1981CF88AE50031A763 /* MusicSearchViewController.swift */ = {isa = PBXFileReference; fileEncoding = 4; lastKnownFileType = sourcecode.swift; path = MusicSearchViewController.swift; sourceTree = "<group>"; };
		243AD19D1CF9052C0031A763 /* HistoryViewController.swift */ = {isa = PBXFileReference; fileEncoding = 4; lastKnownFileType = sourcecode.swift; path = HistoryViewController.swift; sourceTree = "<group>"; };
		243AD19F1CF9298B0031A763 /* SettingsView.swift */ = {isa = PBXFileReference; fileEncoding = 4; lastKnownFileType = sourcecode.swift; path = SettingsView.swift; sourceTree = "<group>"; };
		243AD1A11CF929950031A763 /* HostSettingsView.xib */ = {isa = PBXFileReference; fileEncoding = 4; lastKnownFileType = file.xib; path = HostSettingsView.xib; sourceTree = "<group>"; };
		243AD1A31CF93E330031A763 /* GuestSettingsView.xib */ = {isa = PBXFileReference; fileEncoding = 4; lastKnownFileType = file.xib; path = GuestSettingsView.xib; sourceTree = "<group>"; };
		243AD1A71CF9F0320031A763 /* PlaylistTabBarController.swift */ = {isa = PBXFileReference; fileEncoding = 4; lastKnownFileType = sourcecode.swift; path = PlaylistTabBarController.swift; sourceTree = "<group>"; };
		245789FD1CC28A5500394C17 /* IntegratedMusicPlayer.swift */ = {isa = PBXFileReference; fileEncoding = 4; lastKnownFileType = sourcecode.swift; path = IntegratedMusicPlayer.swift; sourceTree = "<group>"; };
		246232F61CE28406004C63E8 /* FavoritedSong+CoreDataProperties.swift */ = {isa = PBXFileReference; fileEncoding = 4; lastKnownFileType = sourcecode.swift; path = "FavoritedSong+CoreDataProperties.swift"; sourceTree = "<group>"; };
		246232F71CE28406004C63E8 /* FavoritedSong.swift */ = {isa = PBXFileReference; fileEncoding = 4; lastKnownFileType = sourcecode.swift; path = FavoritedSong.swift; sourceTree = "<group>"; };
		246232FA1CE2CCE0004C63E8 /* SongHandler.swift */ = {isa = PBXFileReference; fileEncoding = 4; lastKnownFileType = sourcecode.swift; path = SongHandler.swift; sourceTree = "<group>"; };
		24757F341CFCC43300752CB1 /* Playlist.swift */ = {isa = PBXFileReference; fileEncoding = 4; lastKnownFileType = sourcecode.swift; path = Playlist.swift; sourceTree = "<group>"; };
		247D27EB1CFB5D0E00A5E8AF /* APIHandler.swift */ = {isa = PBXFileReference; fileEncoding = 4; lastKnownFileType = sourcecode.swift; path = APIHandler.swift; sourceTree = "<group>"; };
		247D27ED1CFB789800A5E8AF /* APIDataModel.swift */ = {isa = PBXFileReference; fileEncoding = 4; lastKnownFileType = sourcecode.swift; path = APIDataModel.swift; sourceTree = "<group>"; };
		247D27F71CFC9A3200A5E8AF /* QueuedSong+CoreDataProperties.swift */ = {isa = PBXFileReference; fileEncoding = 4; lastKnownFileType = sourcecode.swift; path = "QueuedSong+CoreDataProperties.swift"; sourceTree = "<group>"; };
		247D27F81CFC9A3200A5E8AF /* QueuedSong.swift */ = {isa = PBXFileReference; fileEncoding = 4; lastKnownFileType = sourcecode.swift; path = QueuedSong.swift; sourceTree = "<group>"; };
		248575AD1CF4BD4B003F683C /* SongViewCell.xib */ = {isa = PBXFileReference; fileEncoding = 4; lastKnownFileType = file.xib; path = SongViewCell.xib; sourceTree = "<group>"; };
		248575AF1CF4C41B003F683C /* SmallMusicPlayerView.xib */ = {isa = PBXFileReference; fileEncoding = 4; lastKnownFileType = file.xib; path = SmallMusicPlayerView.xib; sourceTree = "<group>"; };
		248575BB1CF64AD5003F683C /* PlaylistViewController.swift */ = {isa = PBXFileReference; fileEncoding = 4; lastKnownFileType = sourcecode.swift; path = PlaylistViewController.swift; sourceTree = "<group>"; };
		248575BD1CF657AE003F683C /* SmallMusicPlayerView.swift */ = {isa = PBXFileReference; fileEncoding = 4; lastKnownFileType = sourcecode.swift; path = SmallMusicPlayerView.swift; sourceTree = "<group>"; };
		248653461CF767D700F0F78B /* PlaylistTableViewCell.swift */ = {isa = PBXFileReference; fileEncoding = 4; lastKnownFileType = sourcecode.swift; path = PlaylistTableViewCell.swift; sourceTree = "<group>"; };
		2486534A1CF76C2500F0F78B /* NavigationController.swift */ = {isa = PBXFileReference; fileEncoding = 4; lastKnownFileType = sourcecode.swift; path = NavigationController.swift; sourceTree = "<group>"; };
		2486534E1CF7732100F0F78B /* HomeViewController.swift */ = {isa = PBXFileReference; fileEncoding = 4; lastKnownFileType = sourcecode.swift; path = HomeViewController.swift; sourceTree = "<group>"; };
		248653501CF7CD5B00F0F78B /* SettingsViewController.swift */ = {isa = PBXFileReference; fileEncoding = 4; lastKnownFileType = sourcecode.swift; path = SettingsViewController.swift; sourceTree = "<group>"; };
		24959C2D1CC30AC2009F55B6 /* BlurredPlayButton.swift */ = {isa = PBXFileReference; fileEncoding = 4; lastKnownFileType = sourcecode.swift; path = BlurredPlayButton.swift; sourceTree = "<group>"; };
		24A931061CD24FE4008A7F29 /* FastForwardButton.swift */ = {isa = PBXFileReference; fileEncoding = 4; lastKnownFileType = sourcecode.swift; path = FastForwardButton.swift; sourceTree = "<group>"; };
		24BCF48D1CE3AC96001054B7 /* PlaylistHandler.swift */ = {isa = PBXFileReference; fileEncoding = 4; lastKnownFileType = sourcecode.swift; path = PlaylistHandler.swift; sourceTree = "<group>"; };
		3463E503218EC6DD66A191F2 /* Pods-OnForte.release.xcconfig */ = {isa = PBXFileReference; includeInIndex = 1; lastKnownFileType = text.xcconfig; name = "Pods-OnForte.release.xcconfig"; path = "Pods/Target Support Files/Pods-OnForte/Pods-OnForte.release.xcconfig"; sourceTree = "<group>"; };
		3783E112FD670A5078156D43 /* Pods-OnForte.debug.xcconfig */ = {isa = PBXFileReference; includeInIndex = 1; lastKnownFileType = text.xcconfig; name = "Pods-OnForte.debug.xcconfig"; path = "Pods/Target Support Files/Pods-OnForte/Pods-OnForte.debug.xcconfig"; sourceTree = "<group>"; };
		507BAFAD1CD1AC340059F31D /* Keys.plist */ = {isa = PBXFileReference; fileEncoding = 4; lastKnownFileType = text.plist.xml; path = Keys.plist; sourceTree = "<group>"; };
		7F30BD231CB5DCD1F61B26BA /* Pods_OnForte.framework */ = {isa = PBXFileReference; explicitFileType = wrapper.framework; includeInIndex = 0; path = Pods_OnForte.framework; sourceTree = BUILT_PRODUCTS_DIR; };
/* End PBXFileReference section */

/* Begin PBXFrameworksBuildPhase section */
		240AAFC31CC08DA10061EB54 /* Frameworks */ = {
			isa = PBXFrameworksBuildPhase;
			buildActionMask = 2147483647;
			files = (
				240AAFFC1CC08FD10061EB54 /* SystemConfiguration.framework in Frameworks */,
				240AAFFA1CC08FC80061EB54 /* AVFoundation.framework in Frameworks */,
				3330D23D6124A74940E85D23 /* Pods_OnForte.framework in Frameworks */,
				240AAFF81CC08F980061EB54 /* Spotify.framework in Frameworks */,
			);
			runOnlyForDeploymentPostprocessing = 0;
		};
		240AAFD71CC08DA10061EB54 /* Frameworks */ = {
			isa = PBXFrameworksBuildPhase;
			buildActionMask = 2147483647;
			files = (
			);
			runOnlyForDeploymentPostprocessing = 0;
		};
		240AAFE21CC08DA20061EB54 /* Frameworks */ = {
			isa = PBXFrameworksBuildPhase;
			buildActionMask = 2147483647;
			files = (
			);
			runOnlyForDeploymentPostprocessing = 0;
		};
/* End PBXFrameworksBuildPhase section */

/* Begin PBXGroup section */
		240AAFBD1CC08DA10061EB54 = {
			isa = PBXGroup;
			children = (
				240AAFC81CC08DA10061EB54 /* OnForte */,
				240AAFDD1CC08DA10061EB54 /* OnForteTests */,
				240AAFE81CC08DA20061EB54 /* OnForteUITests */,
				240AAFC71CC08DA10061EB54 /* Products */,
				78D7B174CC2B9FEDD890E316 /* Pods */,
				5DFA7C47CA548928823401F7 /* Frameworks */,
			);
			sourceTree = "<group>";
		};
		240AAFC71CC08DA10061EB54 /* Products */ = {
			isa = PBXGroup;
			children = (
				240AAFC61CC08DA10061EB54 /* OnForte.app */,
				240AAFDA1CC08DA10061EB54 /* OnForteTests.xctest */,
				240AAFE51CC08DA20061EB54 /* OnForteUITests.xctest */,
			);
			name = Products;
			sourceTree = "<group>";
		};
		240AAFC81CC08DA10061EB54 /* OnForte */ = {
			isa = PBXGroup;
			children = (
				243AD19C1CF8EB470031A763 /* Custom Views */,
				24BCF48F1CE3ACA2001054B7 /* Handlers */,
				240AB0361CC094770061EB54 /* Main.storyboard */,
				2486534E1CF7732100F0F78B /* HomeViewController.swift */,
				248575BB1CF64AD5003F683C /* PlaylistViewController.swift */,
				243AD1981CF88AE50031A763 /* MusicSearchViewController.swift */,
				2486534A1CF76C2500F0F78B /* NavigationController.swift */,
				243AD19D1CF9052C0031A763 /* HistoryViewController.swift */,
				248653501CF7CD5B00F0F78B /* SettingsViewController.swift */,
				243AD1A71CF9F0320031A763 /* PlaylistTabBarController.swift */,
				240AB0041CC091E60061EB54 /* Style.swift */,
				243481711CE23AD200402A4A /* Data */,
				240AB0081CC092670061EB54 /* Meteor */,
				240AB04E1CC095180061EB54 /* ActivityIndicator.swift */,
				240AAFC91CC08DA10061EB54 /* AppDelegate.swift */,
				240AAFD01CC08DA10061EB54 /* Assets.xcassets */,
				507BAFAD1CD1AC340059F31D /* Keys.plist */,
				240AAFD51CC08DA10061EB54 /* Info.plist */,
				240AB03C1CC094900061EB54 /* OnForte-Bridging-Header.h */,
				240AB02B1CC0945B0061EB54 /* Onboarding */,
			);
			path = OnForte;
			sourceTree = "<group>";
		};
		240AAFDD1CC08DA10061EB54 /* OnForteTests */ = {
			isa = PBXGroup;
			children = (
				240AAFDE1CC08DA10061EB54 /* OnForteTests.swift */,
				240AAFE01CC08DA10061EB54 /* Info.plist */,
			);
			path = OnForteTests;
			sourceTree = "<group>";
		};
		240AAFE81CC08DA20061EB54 /* OnForteUITests */ = {
			isa = PBXGroup;
			children = (
				240AAFE91CC08DA20061EB54 /* OnForteUITests.swift */,
				240AAFEB1CC08DA20061EB54 /* Info.plist */,
			);
			path = OnForteUITests;
			sourceTree = "<group>";
		};
		240AB0081CC092670061EB54 /* Meteor */ = {
			isa = PBXGroup;
			children = (
				240AB0091CC092790061EB54 /* SongCollection.swift */,
				240AB00B1CC0929F0061EB54 /* SongDocument.swift */,
				240AB00D1CC092BA0061EB54 /* MeteorSong.swift */,
				240AB00F1CC092DF0061EB54 /* PlayedSongDocument.swift */,
				240AB0111CC093040061EB54 /* PlayedSongCollection.swift */,
			);
			name = Meteor;
			sourceTree = "<group>";
		};
		240AB0231CC094150061EB54 /* Search */ = {
			isa = PBXGroup;
			children = (
				240AB01A1CC094020061EB54 /* SoundCloudHandler.swift */,
				240AB01B1CC094020061EB54 /* SpotifyHandler.swift */,
				240AB01C1CC094020061EB54 /* LocalHandler.swift */,
				240AB01D1CC094020061EB54 /* SearchHandler.swift */,
			);
			name = Search;
			sourceTree = "<group>";
		};
		240AB02B1CC0945B0061EB54 /* Onboarding */ = {
			isa = PBXGroup;
			children = (
				240AB03A1CC094870061EB54 /* Onboarding.storyboard */,
				240AB02C1CC094630061EB54 /* OnboardingViewController.swift */,
				240AB02D1CC094630061EB54 /* OnboardingInitialViewController.swift */,
			);
			name = Onboarding;
			sourceTree = "<group>";
		};
		243481711CE23AD200402A4A /* Data */ = {
			isa = PBXGroup;
			children = (
				247D27ED1CFB789800A5E8AF /* APIDataModel.swift */,
				24757F341CFCC43300752CB1 /* Playlist.swift */,
				240AB0061CC092360061EB54 /* Song.swift */,
				2434816A1CE239F900402A4A /* DataModel.xcdatamodeld */,
				2434816D1CE23ACC00402A4A /* SuggestedSong+CoreDataProperties.swift */,
				2434816E1CE23ACC00402A4A /* SuggestedSong.swift */,
				246232F61CE28406004C63E8 /* FavoritedSong+CoreDataProperties.swift */,
				246232F71CE28406004C63E8 /* FavoritedSong.swift */,
				247D27F71CFC9A3200A5E8AF /* QueuedSong+CoreDataProperties.swift */,
				247D27F81CFC9A3200A5E8AF /* QueuedSong.swift */,
			);
			name = Data;
			sourceTree = "<group>";
		};
		243AD19C1CF8EB470031A763 /* Custom Views */ = {
			isa = PBXGroup;
			children = (
				248653461CF767D700F0F78B /* PlaylistTableViewCell.swift */,
				248575BD1CF657AE003F683C /* SmallMusicPlayerView.swift */,
				248575AF1CF4C41B003F683C /* SmallMusicPlayerView.xib */,
				240AB0631CC0989A0061EB54 /* SongViewCell.swift */,
				248575AD1CF4BD4B003F683C /* SongViewCell.xib */,
				24959C2D1CC30AC2009F55B6 /* BlurredPlayButton.swift */,
				24A931061CD24FE4008A7F29 /* FastForwardButton.swift */,
				243AD19F1CF9298B0031A763 /* SettingsView.swift */,
				243AD1A11CF929950031A763 /* HostSettingsView.xib */,
				243AD1A31CF93E330031A763 /* GuestSettingsView.xib */,
			);
			name = "Custom Views";
			sourceTree = "<group>";
		};
		24BCF48F1CE3ACA2001054B7 /* Handlers */ = {
			isa = PBXGroup;
			children = (
				246232FA1CE2CCE0004C63E8 /* SongHandler.swift */,
				24BCF48D1CE3AC96001054B7 /* PlaylistHandler.swift */,
				240AB0151CC093700061EB54 /* ArtworkHandler.swift */,
				245789FD1CC28A5500394C17 /* IntegratedMusicPlayer.swift */,
				247D27EB1CFB5D0E00A5E8AF /* APIHandler.swift */,
				240AB0231CC094150061EB54 /* Search */,
			);
			name = Handlers;
			sourceTree = "<group>";
		};
		5DFA7C47CA548928823401F7 /* Frameworks */ = {
			isa = PBXGroup;
			children = (
				240AAFFB1CC08FD10061EB54 /* SystemConfiguration.framework */,
				240AAFF91CC08FC80061EB54 /* AVFoundation.framework */,
				240AAFF71CC08F980061EB54 /* Spotify.framework */,
				7F30BD231CB5DCD1F61B26BA /* Pods_OnForte.framework */,
			);
			name = Frameworks;
			sourceTree = "<group>";
		};
		78D7B174CC2B9FEDD890E316 /* Pods */ = {
			isa = PBXGroup;
			children = (
				3783E112FD670A5078156D43 /* Pods-OnForte.debug.xcconfig */,
				3463E503218EC6DD66A191F2 /* Pods-OnForte.release.xcconfig */,
			);
			name = Pods;
			sourceTree = "<group>";
		};
/* End PBXGroup section */

/* Begin PBXNativeTarget section */
		240AAFC51CC08DA10061EB54 /* OnForte */ = {
			isa = PBXNativeTarget;
			buildConfigurationList = 240AAFEE1CC08DA20061EB54 /* Build configuration list for PBXNativeTarget "OnForte" */;
			buildPhases = (
				BB05BB823EA820BED1B8FC40 /* Check Pods Manifest.lock */,
				240AAFC21CC08DA10061EB54 /* Sources */,
				240AAFC31CC08DA10061EB54 /* Frameworks */,
				240AAFC41CC08DA10061EB54 /* Resources */,
				6FCB717C18677376EBFB5A7A /* Embed Pods Frameworks */,
				4B4C511E9AA87F2450AE91FD /* Copy Pods Resources */,
			);
			buildRules = (
			);
			dependencies = (
			);
			name = OnForte;
			productName = OnForte;
			productReference = 240AAFC61CC08DA10061EB54 /* OnForte.app */;
			productType = "com.apple.product-type.application";
		};
		240AAFD91CC08DA10061EB54 /* OnForteTests */ = {
			isa = PBXNativeTarget;
			buildConfigurationList = 240AAFF11CC08DA20061EB54 /* Build configuration list for PBXNativeTarget "OnForteTests" */;
			buildPhases = (
				240AAFD61CC08DA10061EB54 /* Sources */,
				240AAFD71CC08DA10061EB54 /* Frameworks */,
				240AAFD81CC08DA10061EB54 /* Resources */,
			);
			buildRules = (
			);
			dependencies = (
				240AAFDC1CC08DA10061EB54 /* PBXTargetDependency */,
			);
			name = OnForteTests;
			productName = OnForteTests;
			productReference = 240AAFDA1CC08DA10061EB54 /* OnForteTests.xctest */;
			productType = "com.apple.product-type.bundle.unit-test";
		};
		240AAFE41CC08DA20061EB54 /* OnForteUITests */ = {
			isa = PBXNativeTarget;
			buildConfigurationList = 240AAFF41CC08DA20061EB54 /* Build configuration list for PBXNativeTarget "OnForteUITests" */;
			buildPhases = (
				240AAFE11CC08DA20061EB54 /* Sources */,
				240AAFE21CC08DA20061EB54 /* Frameworks */,
				240AAFE31CC08DA20061EB54 /* Resources */,
			);
			buildRules = (
			);
			dependencies = (
				240AAFE71CC08DA20061EB54 /* PBXTargetDependency */,
			);
			name = OnForteUITests;
			productName = OnForteUITests;
			productReference = 240AAFE51CC08DA20061EB54 /* OnForteUITests.xctest */;
			productType = "com.apple.product-type.bundle.ui-testing";
		};
/* End PBXNativeTarget section */

/* Begin PBXProject section */
		240AAFBE1CC08DA10061EB54 /* Project object */ = {
			isa = PBXProject;
			attributes = {
				LastSwiftUpdateCheck = 0730;
				LastUpgradeCheck = 0730;
				ORGANIZATIONNAME = "Forte Labs";
				TargetAttributes = {
					240AAFC51CC08DA10061EB54 = {
						CreatedOnToolsVersion = 7.3;
					};
					240AAFD91CC08DA10061EB54 = {
						CreatedOnToolsVersion = 7.3;
						TestTargetID = 240AAFC51CC08DA10061EB54;
					};
					240AAFE41CC08DA20061EB54 = {
						CreatedOnToolsVersion = 7.3;
						TestTargetID = 240AAFC51CC08DA10061EB54;
					};
				};
			};
			buildConfigurationList = 240AAFC11CC08DA10061EB54 /* Build configuration list for PBXProject "OnForte" */;
			compatibilityVersion = "Xcode 3.2";
			developmentRegion = English;
			hasScannedForEncodings = 0;
			knownRegions = (
				en,
				Base,
			);
			mainGroup = 240AAFBD1CC08DA10061EB54;
			productRefGroup = 240AAFC71CC08DA10061EB54 /* Products */;
			projectDirPath = "";
			projectRoot = "";
			targets = (
				240AAFC51CC08DA10061EB54 /* OnForte */,
				240AAFD91CC08DA10061EB54 /* OnForteTests */,
				240AAFE41CC08DA20061EB54 /* OnForteUITests */,
			);
		};
/* End PBXProject section */

/* Begin PBXResourcesBuildPhase section */
		240AAFC41CC08DA10061EB54 /* Resources */ = {
			isa = PBXResourcesBuildPhase;
			buildActionMask = 2147483647;
			files = (
				507BAFAE1CD1AC340059F31D /* Keys.plist in Resources */,
				240AB03B1CC094870061EB54 /* Onboarding.storyboard in Resources */,
				248575AE1CF4BD4B003F683C /* SongViewCell.xib in Resources */,
				243AD1A41CF93E330031A763 /* GuestSettingsView.xib in Resources */,
				248575B01CF4C41B003F683C /* SmallMusicPlayerView.xib in Resources */,
				240AAFD11CC08DA10061EB54 /* Assets.xcassets in Resources */,
				240AB0371CC094770061EB54 /* Main.storyboard in Resources */,
				243AD1A21CF929950031A763 /* HostSettingsView.xib in Resources */,
			);
			runOnlyForDeploymentPostprocessing = 0;
		};
		240AAFD81CC08DA10061EB54 /* Resources */ = {
			isa = PBXResourcesBuildPhase;
			buildActionMask = 2147483647;
			files = (
			);
			runOnlyForDeploymentPostprocessing = 0;
		};
		240AAFE31CC08DA20061EB54 /* Resources */ = {
			isa = PBXResourcesBuildPhase;
			buildActionMask = 2147483647;
			files = (
			);
			runOnlyForDeploymentPostprocessing = 0;
		};
/* End PBXResourcesBuildPhase section */

/* Begin PBXShellScriptBuildPhase section */
		4B4C511E9AA87F2450AE91FD /* Copy Pods Resources */ = {
			isa = PBXShellScriptBuildPhase;
			buildActionMask = 2147483647;
			files = (
			);
			inputPaths = (
			);
			name = "Copy Pods Resources";
			outputPaths = (
			);
			runOnlyForDeploymentPostprocessing = 0;
			shellPath = /bin/sh;
			shellScript = "\"${SRCROOT}/Pods/Target Support Files/Pods-OnForte/Pods-OnForte-resources.sh\"\n";
			showEnvVarsInLog = 0;
		};
		6FCB717C18677376EBFB5A7A /* Embed Pods Frameworks */ = {
			isa = PBXShellScriptBuildPhase;
			buildActionMask = 2147483647;
			files = (
			);
			inputPaths = (
			);
			name = "Embed Pods Frameworks";
			outputPaths = (
			);
			runOnlyForDeploymentPostprocessing = 0;
			shellPath = /bin/sh;
			shellScript = "\"${SRCROOT}/Pods/Target Support Files/Pods-OnForte/Pods-OnForte-frameworks.sh\"\n";
			showEnvVarsInLog = 0;
		};
		BB05BB823EA820BED1B8FC40 /* Check Pods Manifest.lock */ = {
			isa = PBXShellScriptBuildPhase;
			buildActionMask = 2147483647;
			files = (
			);
			inputPaths = (
			);
			name = "Check Pods Manifest.lock";
			outputPaths = (
			);
			runOnlyForDeploymentPostprocessing = 0;
			shellPath = /bin/sh;
			shellScript = "diff \"${PODS_ROOT}/../Podfile.lock\" \"${PODS_ROOT}/Manifest.lock\" > /dev/null\nif [[ $? != 0 ]] ; then\n    cat << EOM\nerror: The sandbox is not in sync with the Podfile.lock. Run 'pod install' or update your CocoaPods installation.\nEOM\n    exit 1\nfi\n";
			showEnvVarsInLog = 0;
		};
/* End PBXShellScriptBuildPhase section */

/* Begin PBXSourcesBuildPhase section */
		240AAFC21CC08DA10061EB54 /* Sources */ = {
			isa = PBXSourcesBuildPhase;
			buildActionMask = 2147483647;
			files = (
				247D27EC1CFB5D0E00A5E8AF /* APIHandler.swift in Sources */,
				240AB0641CC0989A0061EB54 /* SongViewCell.swift in Sources */,
				240AB00C1CC0929F0061EB54 /* SongDocument.swift in Sources */,
				246232FB1CE2CCE0004C63E8 /* SongHandler.swift in Sources */,
				2486534F1CF7732100F0F78B /* HomeViewController.swift in Sources */,
				246232F81CE28406004C63E8 /* FavoritedSong+CoreDataProperties.swift in Sources */,
				243AD1A81CF9F0320031A763 /* PlaylistTabBarController.swift in Sources */,
				247D27FA1CFC9A3200A5E8AF /* QueuedSong.swift in Sources */,
				240AAFCA1CC08DA10061EB54 /* AppDelegate.swift in Sources */,
				240AB02F1CC094630061EB54 /* OnboardingInitialViewController.swift in Sources */,
				248575BE1CF657AE003F683C /* SmallMusicPlayerView.swift in Sources */,
				240AB0121CC093040061EB54 /* PlayedSongCollection.swift in Sources */,
				248575BC1CF64AD5003F683C /* PlaylistViewController.swift in Sources */,
				240AB02E1CC094630061EB54 /* OnboardingViewController.swift in Sources */,
				248653511CF7CD5B00F0F78B /* SettingsViewController.swift in Sources */,
				240AB0101CC092DF0061EB54 /* PlayedSongDocument.swift in Sources */,
				240AB0211CC094020061EB54 /* LocalHandler.swift in Sources */,
				246232F91CE28406004C63E8 /* FavoritedSong.swift in Sources */,
				243AD1991CF88AE50031A763 /* MusicSearchViewController.swift in Sources */,
				248653471CF767D700F0F78B /* PlaylistTableViewCell.swift in Sources */,
				2486534B1CF76C2500F0F78B /* NavigationController.swift in Sources */,
				240AB04F1CC095180061EB54 /* ActivityIndicator.swift in Sources */,
				24757F351CFCC43300752CB1 /* Playlist.swift in Sources */,
				24BCF48E1CE3AC96001054B7 /* PlaylistHandler.swift in Sources */,
				243481701CE23ACC00402A4A /* SuggestedSong.swift in Sources */,
				2434816F1CE23ACC00402A4A /* SuggestedSong+CoreDataProperties.swift in Sources */,
				24959C2E1CC30AC2009F55B6 /* BlurredPlayButton.swift in Sources */,
				240AB0051CC091E60061EB54 /* Style.swift in Sources */,
				247D27EE1CFB789800A5E8AF /* APIDataModel.swift in Sources */,
				240AB0201CC094020061EB54 /* SpotifyHandler.swift in Sources */,
				243AD1A01CF9298B0031A763 /* SettingsView.swift in Sources */,
				243AD19E1CF9052C0031A763 /* HistoryViewController.swift in Sources */,
				240AB00A1CC092790061EB54 /* SongCollection.swift in Sources */,
				247D27F91CFC9A3200A5E8AF /* QueuedSong+CoreDataProperties.swift in Sources */,
				24A931071CD24FE4008A7F29 /* FastForwardButton.swift in Sources */,
				240AB00E1CC092BA0061EB54 /* MeteorSong.swift in Sources */,
				245789FE1CC28A5500394C17 /* IntegratedMusicPlayer.swift in Sources */,
				240AB01F1CC094020061EB54 /* SoundCloudHandler.swift in Sources */,
				240AB0221CC094020061EB54 /* SearchHandler.swift in Sources */,
				240AB0071CC092360061EB54 /* Song.swift in Sources */,
				2434816C1CE239F900402A4A /* DataModel.xcdatamodeld in Sources */,
				240AB0161CC093700061EB54 /* ArtworkHandler.swift in Sources */,
			);
			runOnlyForDeploymentPostprocessing = 0;
		};
		240AAFD61CC08DA10061EB54 /* Sources */ = {
			isa = PBXSourcesBuildPhase;
			buildActionMask = 2147483647;
			files = (
				240AAFDF1CC08DA10061EB54 /* OnForteTests.swift in Sources */,
			);
			runOnlyForDeploymentPostprocessing = 0;
		};
		240AAFE11CC08DA20061EB54 /* Sources */ = {
			isa = PBXSourcesBuildPhase;
			buildActionMask = 2147483647;
			files = (
				240AAFEA1CC08DA20061EB54 /* OnForteUITests.swift in Sources */,
			);
			runOnlyForDeploymentPostprocessing = 0;
		};
/* End PBXSourcesBuildPhase section */

/* Begin PBXTargetDependency section */
		240AAFDC1CC08DA10061EB54 /* PBXTargetDependency */ = {
			isa = PBXTargetDependency;
			target = 240AAFC51CC08DA10061EB54 /* OnForte */;
			targetProxy = 240AAFDB1CC08DA10061EB54 /* PBXContainerItemProxy */;
		};
		240AAFE71CC08DA20061EB54 /* PBXTargetDependency */ = {
			isa = PBXTargetDependency;
			target = 240AAFC51CC08DA10061EB54 /* OnForte */;
			targetProxy = 240AAFE61CC08DA20061EB54 /* PBXContainerItemProxy */;
		};
/* End PBXTargetDependency section */

/* Begin XCBuildConfiguration section */
		240AAFEC1CC08DA20061EB54 /* Debug */ = {
			isa = XCBuildConfiguration;
			buildSettings = {
				ALWAYS_SEARCH_USER_PATHS = NO;
				CLANG_ANALYZER_NONNULL = YES;
				CLANG_CXX_LANGUAGE_STANDARD = "gnu++0x";
				CLANG_CXX_LIBRARY = "libc++";
				CLANG_ENABLE_MODULES = YES;
				CLANG_ENABLE_OBJC_ARC = YES;
				CLANG_WARN_BOOL_CONVERSION = YES;
				CLANG_WARN_CONSTANT_CONVERSION = YES;
				CLANG_WARN_DIRECT_OBJC_ISA_USAGE = YES_ERROR;
				CLANG_WARN_EMPTY_BODY = YES;
				CLANG_WARN_ENUM_CONVERSION = YES;
				CLANG_WARN_INT_CONVERSION = YES;
				CLANG_WARN_OBJC_ROOT_CLASS = YES_ERROR;
				CLANG_WARN_UNREACHABLE_CODE = YES;
				CLANG_WARN__DUPLICATE_METHOD_MATCH = YES;
				"CODE_SIGN_IDENTITY[sdk=iphoneos*]" = "iPhone Developer";
				COPY_PHASE_STRIP = NO;
				DEBUG_INFORMATION_FORMAT = dwarf;
				ENABLE_STRICT_OBJC_MSGSEND = YES;
				ENABLE_TESTABILITY = YES;
				GCC_C_LANGUAGE_STANDARD = gnu99;
				GCC_DYNAMIC_NO_PIC = NO;
				GCC_NO_COMMON_BLOCKS = YES;
				GCC_OPTIMIZATION_LEVEL = 0;
				GCC_PREPROCESSOR_DEFINITIONS = (
					"DEBUG=1",
					"$(inherited)",
				);
				GCC_WARN_64_TO_32_BIT_CONVERSION = YES;
				GCC_WARN_ABOUT_RETURN_TYPE = YES_ERROR;
				GCC_WARN_UNDECLARED_SELECTOR = YES;
				GCC_WARN_UNINITIALIZED_AUTOS = YES_AGGRESSIVE;
				GCC_WARN_UNUSED_FUNCTION = YES;
				GCC_WARN_UNUSED_VARIABLE = YES;
				IPHONEOS_DEPLOYMENT_TARGET = 9.3;
				MTL_ENABLE_DEBUG_INFO = YES;
				ONLY_ACTIVE_ARCH = YES;
				SDKROOT = iphoneos;
				SWIFT_OPTIMIZATION_LEVEL = "-Onone";
				TARGETED_DEVICE_FAMILY = "1,2";
			};
			name = Debug;
		};
		240AAFED1CC08DA20061EB54 /* Release */ = {
			isa = XCBuildConfiguration;
			buildSettings = {
				ALWAYS_SEARCH_USER_PATHS = NO;
				CLANG_ANALYZER_NONNULL = YES;
				CLANG_CXX_LANGUAGE_STANDARD = "gnu++0x";
				CLANG_CXX_LIBRARY = "libc++";
				CLANG_ENABLE_MODULES = YES;
				CLANG_ENABLE_OBJC_ARC = YES;
				CLANG_WARN_BOOL_CONVERSION = YES;
				CLANG_WARN_CONSTANT_CONVERSION = YES;
				CLANG_WARN_DIRECT_OBJC_ISA_USAGE = YES_ERROR;
				CLANG_WARN_EMPTY_BODY = YES;
				CLANG_WARN_ENUM_CONVERSION = YES;
				CLANG_WARN_INT_CONVERSION = YES;
				CLANG_WARN_OBJC_ROOT_CLASS = YES_ERROR;
				CLANG_WARN_UNREACHABLE_CODE = YES;
				CLANG_WARN__DUPLICATE_METHOD_MATCH = YES;
				"CODE_SIGN_IDENTITY[sdk=iphoneos*]" = "iPhone Developer";
				COPY_PHASE_STRIP = NO;
				DEBUG_INFORMATION_FORMAT = "dwarf-with-dsym";
				ENABLE_NS_ASSERTIONS = NO;
				ENABLE_STRICT_OBJC_MSGSEND = YES;
				GCC_C_LANGUAGE_STANDARD = gnu99;
				GCC_NO_COMMON_BLOCKS = YES;
				GCC_WARN_64_TO_32_BIT_CONVERSION = YES;
				GCC_WARN_ABOUT_RETURN_TYPE = YES_ERROR;
				GCC_WARN_UNDECLARED_SELECTOR = YES;
				GCC_WARN_UNINITIALIZED_AUTOS = YES_AGGRESSIVE;
				GCC_WARN_UNUSED_FUNCTION = YES;
				GCC_WARN_UNUSED_VARIABLE = YES;
				IPHONEOS_DEPLOYMENT_TARGET = 9.3;
				MTL_ENABLE_DEBUG_INFO = NO;
				SDKROOT = iphoneos;
				TARGETED_DEVICE_FAMILY = "1,2";
				VALIDATE_PRODUCT = YES;
			};
			name = Release;
		};
		240AAFEF1CC08DA20061EB54 /* Debug */ = {
			isa = XCBuildConfiguration;
			baseConfigurationReference = 3783E112FD670A5078156D43 /* Pods-OnForte.debug.xcconfig */;
			buildSettings = {
				ASSETCATALOG_COMPILER_APPICON_NAME = AppIcon;
				FRAMEWORK_SEARCH_PATHS = (
					"$(inherited)",
					"$(PROJECT_DIR)",
				);
				INFOPLIST_FILE = OnForte/Info.plist;
				IPHONEOS_DEPLOYMENT_TARGET = 9.0;
				LD_RUNPATH_SEARCH_PATHS = "$(inherited) @executable_path/Frameworks";
				OTHER_LDFLAGS = (
					"$(inherited)",
					"-framework",
					"\"Alamofire\"",
					"-framework",
					"\"AlamofireImage\"",
					"-framework",
					"\"OnePasswordExtension\"",
					"-framework",
					"\"Soundcloud\"",
					"-framework",
					"\"SwiftyJSON\"",
					"-framework",
					"\"UICKeyChainStore\"",
					"-framework",
					"\"XCGLogger\"",
					"-ObjC",
				);
				PRODUCT_BUNDLE_IDENTIFIER = "Forte-Labs.OnForte";
				PRODUCT_NAME = "$(TARGET_NAME)";
				SWIFT_OBJC_BRIDGING_HEADER = "OnForte/OnForte-Bridging-Header.h";
			};
			name = Debug;
		};
		240AAFF01CC08DA20061EB54 /* Release */ = {
			isa = XCBuildConfiguration;
			baseConfigurationReference = 3463E503218EC6DD66A191F2 /* Pods-OnForte.release.xcconfig */;
			buildSettings = {
				ASSETCATALOG_COMPILER_APPICON_NAME = AppIcon;
				FRAMEWORK_SEARCH_PATHS = (
					"$(inherited)",
					"$(PROJECT_DIR)",
				);
				INFOPLIST_FILE = OnForte/Info.plist;
				IPHONEOS_DEPLOYMENT_TARGET = 9.0;
				LD_RUNPATH_SEARCH_PATHS = "$(inherited) @executable_path/Frameworks";
				OTHER_LDFLAGS = (
					"$(inherited)",
					"-framework",
					"\"Alamofire\"",
					"-framework",
					"\"AlamofireImage\"",
					"-framework",
					"\"OnePasswordExtension\"",
					"-framework",
					"\"Soundcloud\"",
					"-framework",
					"\"SwiftyJSON\"",
					"-framework",
					"\"UICKeyChainStore\"",
					"-framework",
					"\"XCGLogger\"",
					"-ObjC",
				);
				PRODUCT_BUNDLE_IDENTIFIER = "Forte-Labs.OnForte";
				PRODUCT_NAME = "$(TARGET_NAME)";
				SWIFT_OBJC_BRIDGING_HEADER = "OnForte/OnForte-Bridging-Header.h";
			};
			name = Release;
		};
		240AAFF21CC08DA20061EB54 /* Debug */ = {
			isa = XCBuildConfiguration;
			buildSettings = {
				BUNDLE_LOADER = "$(TEST_HOST)";
				INFOPLIST_FILE = OnForteTests/Info.plist;
				LD_RUNPATH_SEARCH_PATHS = "$(inherited) @executable_path/Frameworks @loader_path/Frameworks";
				PRODUCT_BUNDLE_IDENTIFIER = "Forte-Labs.OnForteTests";
				PRODUCT_NAME = "$(TARGET_NAME)";
				TEST_HOST = "$(BUILT_PRODUCTS_DIR)/OnForte.app/OnForte";
			};
			name = Debug;
		};
		240AAFF31CC08DA20061EB54 /* Release */ = {
			isa = XCBuildConfiguration;
			buildSettings = {
				BUNDLE_LOADER = "$(TEST_HOST)";
				INFOPLIST_FILE = OnForteTests/Info.plist;
				LD_RUNPATH_SEARCH_PATHS = "$(inherited) @executable_path/Frameworks @loader_path/Frameworks";
				PRODUCT_BUNDLE_IDENTIFIER = "Forte-Labs.OnForteTests";
				PRODUCT_NAME = "$(TARGET_NAME)";
				TEST_HOST = "$(BUILT_PRODUCTS_DIR)/OnForte.app/OnForte";
			};
			name = Release;
		};
		240AAFF51CC08DA20061EB54 /* Debug */ = {
			isa = XCBuildConfiguration;
			buildSettings = {
				INFOPLIST_FILE = OnForteUITests/Info.plist;
				LD_RUNPATH_SEARCH_PATHS = "$(inherited) @executable_path/Frameworks @loader_path/Frameworks";
				PRODUCT_BUNDLE_IDENTIFIER = "Forte-Labs.OnForteUITests";
				PRODUCT_NAME = "$(TARGET_NAME)";
				TEST_TARGET_NAME = OnForte;
			};
			name = Debug;
		};
		240AAFF61CC08DA20061EB54 /* Release */ = {
			isa = XCBuildConfiguration;
			buildSettings = {
				INFOPLIST_FILE = OnForteUITests/Info.plist;
				LD_RUNPATH_SEARCH_PATHS = "$(inherited) @executable_path/Frameworks @loader_path/Frameworks";
				PRODUCT_BUNDLE_IDENTIFIER = "Forte-Labs.OnForteUITests";
				PRODUCT_NAME = "$(TARGET_NAME)";
				TEST_TARGET_NAME = OnForte;
			};
			name = Release;
		};
/* End XCBuildConfiguration section */

/* Begin XCConfigurationList section */
		240AAFC11CC08DA10061EB54 /* Build configuration list for PBXProject "OnForte" */ = {
			isa = XCConfigurationList;
			buildConfigurations = (
				240AAFEC1CC08DA20061EB54 /* Debug */,
				240AAFED1CC08DA20061EB54 /* Release */,
			);
			defaultConfigurationIsVisible = 0;
			defaultConfigurationName = Release;
		};
		240AAFEE1CC08DA20061EB54 /* Build configuration list for PBXNativeTarget "OnForte" */ = {
			isa = XCConfigurationList;
			buildConfigurations = (
				240AAFEF1CC08DA20061EB54 /* Debug */,
				240AAFF01CC08DA20061EB54 /* Release */,
			);
			defaultConfigurationIsVisible = 0;
			defaultConfigurationName = Release;
		};
		240AAFF11CC08DA20061EB54 /* Build configuration list for PBXNativeTarget "OnForteTests" */ = {
			isa = XCConfigurationList;
			buildConfigurations = (
				240AAFF21CC08DA20061EB54 /* Debug */,
				240AAFF31CC08DA20061EB54 /* Release */,
			);
			defaultConfigurationIsVisible = 0;
			defaultConfigurationName = Release;
		};
		240AAFF41CC08DA20061EB54 /* Build configuration list for PBXNativeTarget "OnForteUITests" */ = {
			isa = XCConfigurationList;
			buildConfigurations = (
				240AAFF51CC08DA20061EB54 /* Debug */,
				240AAFF61CC08DA20061EB54 /* Release */,
			);
			defaultConfigurationIsVisible = 0;
			defaultConfigurationName = Release;
		};
/* End XCConfigurationList section */

/* Begin XCVersionGroup section */
		2434816A1CE239F900402A4A /* DataModel.xcdatamodeld */ = {
			isa = XCVersionGroup;
			children = (
				2434816B1CE239F900402A4A /* DataModel.xcdatamodel */,
			);
			currentVersion = 2434816B1CE239F900402A4A /* DataModel.xcdatamodel */;
			path = DataModel.xcdatamodeld;
			sourceTree = "<group>";
			versionGroupType = wrapper.xcdatamodel;
		};
/* End XCVersionGroup section */
	};
	rootObject = 240AAFBE1CC08DA10061EB54 /* Project object */;
}
